
Microsoft Visual Studio Solution File, Format Version 12.00
# Visual Studio Version 17
VisualStudioVersion = 17.5.33414.496
MinimumVisualStudioVersion = 10.0.40219.1
Project("{8BC9CEB8-8B4A-11D0-8D11-00A0C91BC942}") = "FMRankCalc", "FMRankCalc\FMRankCalc.vcxproj", "{426B7414-F495-409A-8A30-E848CD4EB491}"
EndProject
Global
	GlobalSection(SolutionConfigurationPlatforms) = preSolution
		Debug|x64 = Debug|x64
		Release|x64 = Release|x64
	EndGlobalSection
	GlobalSection(ProjectConfigurationPlatforms) = postSolution
		{426B7414-F495-409A-8A30-E848CD4EB491}.Debug|x64.ActiveCfg = Debug|x64
		{426B7414-F495-409A-8A30-E848CD4EB491}.Debug|x64.Build.0 = Debug|x64
		{426B7414-F495-409A-8A30-E848CD4EB491}.Release|x64.ActiveCfg = Release|x64
		{426B7414-F495-409A-8A30-E848CD4EB491}.Release|x64.Build.0 = Release|x64
	EndGlobalSection
	GlobalSection(SolutionProperties) = preSolution
		HideSolutionNode = FALSE
	EndGlobalSection
	GlobalSection(ExtensibilityGlobals) = postSolution
		SolutionGuid = {79F1BFD4-2DA2-4F89-902A-17DD20C519A6}
	EndGlobalSection
EndGlobal
